
Microsoft Visual Studio Solution File, Format Version 12.00
# Visual Studio Version 16
VisualStudioVersion = 16.0.30204.135
MinimumVisualStudioVersion = 10.0.40219.1
Project("{9A19103F-16F7-4668-BE54-9A1E7A4F7556}") = "LeetCode", "LeetCode\LeetCode.csproj", "{1BC1095B-B488-4307-B0B5-ABD4B17DBC1E}"
EndProject
Global
	GlobalSection(SolutionConfigurationPlatforms) = preSolution
		Debug|Any CPU = Debug|Any CPU
		Release|Any CPU = Release|Any CPU
	EndGlobalSection
	GlobalSection(ProjectConfigurationPlatforms) = postSolution
		{1BC1095B-B488-4307-B0B5-ABD4B17DBC1E}.Debug|Any CPU.ActiveCfg = Debug|Any CPU
		{1BC1095B-B488-4307-B0B5-ABD4B17DBC1E}.Debug|Any CPU.Build.0 = Debug|Any CPU
		{1BC1095B-B488-4307-B0B5-ABD4B17DBC1E}.Release|Any CPU.ActiveCfg = Release|Any CPU
		{1BC1095B-B488-4307-B0B5-ABD4B17DBC1E}.Release|Any CPU.Build.0 = Release|Any CPU
	EndGlobalSection
	GlobalSection(SolutionProperties) = preSolution
		HideSolutionNode = FALSE
	EndGlobalSection
	GlobalSection(ExtensibilityGlobals) = postSolution
		SolutionGuid = {DC4DADDC-436C-42F3-9E84-72369AFE2AE1}
	EndGlobalSection
EndGlobal
